
Microsoft Visual Studio Solution File, Format Version 12.00
# Visual Studio 14
VisualStudioVersion = 14.0.25123.0
MinimumVisualStudioVersion = 10.0.40219.1
Project("{2150E333-8FDC-42A3-9474-1A3956D46DE8}") = "src", "src", "{D2AC2FD3-AB52-4E76-9C2C-36E8F33586E7}"
EndProject
Project("{2150E333-8FDC-42A3-9474-1A3956D46DE8}") = "Solution Items", "Solution Items", "{23C2AA13-1F89-4090-AAC0-0B5BAA7EB4C2}"
	ProjectSection(SolutionItems) = preProject
		global.json = global.json
	EndProjectSection
EndProject
Project("{8BB2217D-0F2D-49D1-97BC-3654ED321F3B}") = "sample-routing", "src\sample-routing\sample-routing.xproj", "{FDAF5B21-372E-4587-824F-047DED1B81A2}"
EndProject
Project("{8BB2217D-0F2D-49D1-97BC-3654ED321F3B}") = "sample-testing", "test\sample-testing\sample-testing.xproj", "{99194BF5-AD69-4CB7-B2A3-3B5DBECC6D2D}"
EndProject
Project("{2150E333-8FDC-42A3-9474-1A3956D46DE8}") = "test", "test", "{7A2B7BDE-DA0F-4008-BA66-EB6CD8882B01}"
EndProject
Global
	GlobalSection(SolutionConfigurationPlatforms) = preSolution
		Debug|Any CPU = Debug|Any CPU
		Release|Any CPU = Release|Any CPU
	EndGlobalSection
	GlobalSection(ProjectConfigurationPlatforms) = postSolution
		{FDAF5B21-372E-4587-824F-047DED1B81A2}.Debug|Any CPU.ActiveCfg = Debug|Any CPU
		{FDAF5B21-372E-4587-824F-047DED1B81A2}.Debug|Any CPU.Build.0 = Debug|Any CPU
		{FDAF5B21-372E-4587-824F-047DED1B81A2}.Release|Any CPU.ActiveCfg = Release|Any CPU
		{FDAF5B21-372E-4587-824F-047DED1B81A2}.Release|Any CPU.Build.0 = Release|Any CPU
		{99194BF5-AD69-4CB7-B2A3-3B5DBECC6D2D}.Debug|Any CPU.ActiveCfg = Debug|Any CPU
		{99194BF5-AD69-4CB7-B2A3-3B5DBECC6D2D}.Debug|Any CPU.Build.0 = Debug|Any CPU
		{99194BF5-AD69-4CB7-B2A3-3B5DBECC6D2D}.Release|Any CPU.ActiveCfg = Release|Any CPU
		{99194BF5-AD69-4CB7-B2A3-3B5DBECC6D2D}.Release|Any CPU.Build.0 = Release|Any CPU
	EndGlobalSection
	GlobalSection(SolutionProperties) = preSolution
		HideSolutionNode = FALSE
	EndGlobalSection
	GlobalSection(NestedProjects) = preSolution
		{FDAF5B21-372E-4587-824F-047DED1B81A2} = {D2AC2FD3-AB52-4E76-9C2C-36E8F33586E7}
		{99194BF5-AD69-4CB7-B2A3-3B5DBECC6D2D} = {7A2B7BDE-DA0F-4008-BA66-EB6CD8882B01}
	EndGlobalSection
EndGlobal
